# Generated for Python 3.14 on Linux x86_64. Update every entry and hash together.
annotated-types==0.6.0 \
    --hash=sha256:0641064de18ba7a25dee8f96403ebc39113d0cb953a01429249d5c7564666a43
attrs==26.1.0 \
    --hash=sha256:c647aa4a12dfbad9333ca4e71fe62ddc36f4e63b2d260a37a8b83d2f043ac309
certifi==2026.6.17 \
    --hash=sha256:2227dcbaafe0d2f59279d1762ddddc37783ed4354594f194ffc31d20f41fc3db
charset-normalizer==3.4.4 \
    --hash=sha256:a8a8b89589086a25749f471e6a900d3f662d1d3b6e2e59dcecf787b1cc3a1894 \
    --hash=sha256:ecaae4149d99b1c9e7b88bb03e3221956f68fd6d50be2ef061b2381b61d20838
faker==40.23.0 \
    --hash=sha256:775922453e54afa42eaf60eac478fa3a969357f224d09a8022b93e3ad88f18ae
idna==3.11 \
    --hash=sha256:771a87f49d9defaf64091e6e6fe9c18d4833f140bd19464795bc32d966ca37ea
jsf==0.10.0 \
    --hash=sha256:509061efa67a6292651093d6471e88002a32ed917bee88d83386cbf9778e59f2
jsonschema==4.26.0 \
    --hash=sha256:d489f15263b8d200f8387e64b4c3a75f06629559fb73deb8fdfb525f2dab50ce
jsonschema-specifications==2025.9.1 \
    --hash=sha256:98802fee3a11ee76ecaca44429fda8a41bff98b00a0f2838151b113f210cc6fe
pydantic==2.13.2 \
    --hash=sha256:a525087f4c03d7e7456a3de89b64cd693d2229933bb1068b9af6befd5563694e
pydantic-core==2.46.2 \
    --hash=sha256:ac204542736aa295fa25f713b7fad6fc50b46ab7764d16087575c85f085174f3 \
    --hash=sha256:83ee76bf2c9910513dbc19e7d82367131fa7508dedd6186a462393071cc11059
referencing==0.37.0 \
    --hash=sha256:381329a9f99628c9069361716891d34ad94af76e461dcb0335825aecc7692231
rpds-py==2026.5.1 \
    --hash=sha256:b1b964e3ab599e718dc46c018d104b1ebc007cbc6567d827c94a687fca56d77e \
    --hash=sha256:21846aac0ed2e0589f38c12dc44e77bb64e494b771eadbcf169cba00566ba7ba
requests==2.33.1 \
    --hash=sha256:4e6d1ef462f3626a1f0a0a9c42dd93c63bad33f9f1c1937509b8c5c8718ab56a
rstr==3.2.2 \
    --hash=sha256:f39195d38da1748331eeec52f1276e71eb6295e7949beea91a5e9af2340d7b3b
smart-open[http]==7.6.1 \
    --hash=sha256:b4de6aebef023aca91cc9fb372052e1343ba3f152de215bd22391a663e3ddd21
typing-extensions==4.15.0 \
    --hash=sha256:f0fa19c6845758ab08074a0cfa8b7aecb71c999ca73d62883bc25cc018c4e548
typing-inspection==0.4.2 \
    --hash=sha256:4ed1cacbdc298c220f1bd249ed5287caa16f34d44ef4e9c3d0cbad5b521545e7
urllib3==2.6.3 \
    --hash=sha256:bf272323e553dfb2e87d9bfd225ca7b0f467b919d7bbd355436d3fd37cb0acd4
wrapt==2.2.1 \
    --hash=sha256:95821352042722cd9f1108874579a47989d0a7e12a37d87d2fc4af20fd99ab8a \
    --hash=sha256:b9cf53ba90717db2e292401de290776c498d4bbfb0d4a559ca2895db8b9dcb5c

